// !$*UTF8*$!
{
	archiveVersion = 1;
	classes = {
	};
	objectVersion = 56;
	objects = {

/* Begin PBXBuildFile section */
		69067B0F29EC188300F10BE4 /* studyApp.swift in Sources */ = {isa = PBXBuildFile; fileRef = 69067B0E29EC188300F10BE4 /* studyApp.swift */; };
		69067B1129EC188300F10BE4 /* LoginView.swift in Sources */ = {isa = PBXBuildFile; fileRef = 69067B1029EC188300F10BE4 /* LoginView.swift */; };
		69067B1329EC188400F10BE4 /* Assets.xcassets in Resources */ = {isa = PBXBuildFile; fileRef = 69067B1229EC188400F10BE4 /* Assets.xcassets */; };
		69067B1629EC188400F10BE4 /* Preview Assets.xcassets in Resources */ = {isa = PBXBuildFile; fileRef = 69067B1529EC188400F10BE4 /* Preview Assets.xcassets */; };
		69067B2029EC188400F10BE4 /* studyTests.swift in Sources */ = {isa = PBXBuildFile; fileRef = 69067B1F29EC188400F10BE4 /* studyTests.swift */; };
		69067B2A29EC188400F10BE4 /* studyUITests.swift in Sources */ = {isa = PBXBuildFile; fileRef = 69067B2929EC188400F10BE4 /* studyUITests.swift */; };
		69067B2C29EC188400F10BE4 /* studyUITestsLaunchTests.swift in Sources */ = {isa = PBXBuildFile; fileRef = 69067B2B29EC188400F10BE4 /* studyUITestsLaunchTests.swift */; };
		69231AED2A05516900BB92D8 /* SecurityTextField.swift in Sources */ = {isa = PBXBuildFile; fileRef = 69231AEC2A05516900BB92D8 /* SecurityTextField.swift */; };
		69231AEF2A064A6300BB92D8 /* JoinNameView.swift in Sources */ = {isa = PBXBuildFile; fileRef = 69231AEE2A064A6300BB92D8 /* JoinNameView.swift */; };
		69231AF22A06A6C400BB92D8 /* JoinIdView.swift in Sources */ = {isa = PBXBuildFile; fileRef = 69231AF12A06A6C400BB92D8 /* JoinIdView.swift */; };
		69231AF42A06A8C600BB92D8 /* JoinPassView.swift in Sources */ = {isa = PBXBuildFile; fileRef = 69231AF32A06A8C600BB92D8 /* JoinPassView.swift */; };
		692C0FEC2A081BE9000D0E04 /* framework in Resources */ = {isa = PBXBuildFile; fileRef = 692C0FEB2A081BE9000D0E04 /* framework */; };
		693F2A592A02ACF700B9DA4D /* CustomButton.swift in Sources */ = {isa = PBXBuildFile; fileRef = 693F2A582A02ACF700B9DA4D /* CustomButton.swift */; };
		693F2A5B2A02B19800B9DA4D /* CustomTextField.swift in Sources */ = {isa = PBXBuildFile; fileRef = 693F2A5A2A02B19800B9DA4D /* CustomTextField.swift */; };
		693F2A5D2A02B28C00B9DA4D /* LeftText.swift in Sources */ = {isa = PBXBuildFile; fileRef = 693F2A5C2A02B28C00B9DA4D /* LeftText.swift */; };
		693F2A612A02B59C00B9DA4D /* JoinTermView.swift in Sources */ = {isa = PBXBuildFile; fileRef = 693F2A602A02B59C00B9DA4D /* JoinTermView.swift */; };
		693F2A632A02B78D00B9DA4D /* CheckBox.swift in Sources */ = {isa = PBXBuildFile; fileRef = 693F2A622A02B78D00B9DA4D /* CheckBox.swift */; };
		693F2A652A02B90600B9DA4D /* icn_checkbox_off.svg in Resources */ = {isa = PBXBuildFile; fileRef = 693F2A642A02B90500B9DA4D /* icn_checkbox_off.svg */; };
		693F2A672A05116200B9DA4D /* JoinSnsPhoneView.swift in Sources */ = {isa = PBXBuildFile; fileRef = 693F2A662A05116200B9DA4D /* JoinSnsPhoneView.swift */; };
		693F2A692A052B3300B9DA4D /* PageTitle.swift in Sources */ = {isa = PBXBuildFile; fileRef = 693F2A682A052B3300B9DA4D /* PageTitle.swift */; };
		695B02312A07DB4A00F851A2 /* Router.swift in Sources */ = {isa = PBXBuildFile; fileRef = 695B02302A07DB4A00F851A2 /* Router.swift */; };
		696D73552A07FC8700BF6F48 /* StationMapView.swift in Sources */ = {isa = PBXBuildFile; fileRef = 696D73542A07FC8700BF6F48 /* StationMapView.swift */; };
		69CF24DF2A0D2DD300F0D0A9 /* HomeView.swift in Sources */ = {isa = PBXBuildFile; fileRef = 69CF24DE2A0D2DD300F0D0A9 /* HomeView.swift */; };
		69E637452A09127500D24BB1 /* NMapsGeometry.xcframework in Frameworks */ = {isa = PBXBuildFile; fileRef = 69E637442A09127500D24BB1 /* NMapsGeometry.xcframework */; };
		69E637472A09128300D24BB1 /* NMapsMap.xcframework in Frameworks */ = {isa = PBXBuildFile; fileRef = 69E637462A09128300D24BB1 /* NMapsMap.xcframework */; };
/* End PBXBuildFile section */

/* Begin PBXContainerItemProxy section */
		69067B1C29EC188400F10BE4 /* PBXContainerItemProxy */ = {
			isa = PBXContainerItemProxy;
			containerPortal = 69067B0329EC188300F10BE4 /* Project object */;
			proxyType = 1;
			remoteGlobalIDString = 69067B0A29EC188300F10BE4;
			remoteInfo = study;
		};
		69067B2629EC188400F10BE4 /* PBXContainerItemProxy */ = {
			isa = PBXContainerItemProxy;
			containerPortal = 69067B0329EC188300F10BE4 /* Project object */;
			proxyType = 1;
			remoteGlobalIDString = 69067B0A29EC188300F10BE4;
			remoteInfo = study;
		};
/* End PBXContainerItemProxy section */

/* Begin PBXCopyFilesBuildPhase section */
		698F7E312A0816690043FE74 /* Embed Frameworks */ = {
			isa = PBXCopyFilesBuildPhase;
			buildActionMask = 2147483647;
			dstPath = "";
			dstSubfolderSpec = 10;
			files = (
			);
			name = "Embed Frameworks";
			runOnlyForDeploymentPostprocessing = 0;
		};
/* End PBXCopyFilesBuildPhase section */

/* Begin PBXFileReference section */
		5D24520B238B69074DE8151A /* Pods-study.debug.xcconfig */ = {isa = PBXFileReference; includeInIndex = 1; lastKnownFileType = text.xcconfig; name = "Pods-study.debug.xcconfig"; path = "Target Support Files/Pods-study/Pods-study.debug.xcconfig"; sourceTree = "<group>"; };
		69067B0B29EC188300F10BE4 /* study.app */ = {isa = PBXFileReference; explicitFileType = wrapper.application; includeInIndex = 0; path = study.app; sourceTree = BUILT_PRODUCTS_DIR; };
		69067B0E29EC188300F10BE4 /* studyApp.swift */ = {isa = PBXFileReference; lastKnownFileType = sourcecode.swift; path = studyApp.swift; sourceTree = "<group>"; };
		69067B1029EC188300F10BE4 /* LoginView.swift */ = {isa = PBXFileReference; lastKnownFileType = sourcecode.swift; path = LoginView.swift; sourceTree = "<group>"; };
		69067B1229EC188400F10BE4 /* Assets.xcassets */ = {isa = PBXFileReference; lastKnownFileType = folder.assetcatalog; path = Assets.xcassets; sourceTree = "<group>"; };
		69067B1529EC188400F10BE4 /* Preview Assets.xcassets */ = {isa = PBXFileReference; lastKnownFileType = folder.assetcatalog; path = "Preview Assets.xcassets"; sourceTree = "<group>"; };
		69067B1B29EC188400F10BE4 /* studyTests.xctest */ = {isa = PBXFileReference; explicitFileType = wrapper.cfbundle; includeInIndex = 0; path = studyTests.xctest; sourceTree = BUILT_PRODUCTS_DIR; };
		69067B1F29EC188400F10BE4 /* studyTests.swift */ = {isa = PBXFileReference; lastKnownFileType = sourcecode.swift; path = studyTests.swift; sourceTree = "<group>"; };
		69067B2529EC188400F10BE4 /* studyUITests.xctest */ = {isa = PBXFileReference; explicitFileType = wrapper.cfbundle; includeInIndex = 0; path = studyUITests.xctest; sourceTree = BUILT_PRODUCTS_DIR; };
		69067B2929EC188400F10BE4 /* studyUITests.swift */ = {isa = PBXFileReference; lastKnownFileType = sourcecode.swift; path = studyUITests.swift; sourceTree = "<group>"; };
		69067B2B29EC188400F10BE4 /* studyUITestsLaunchTests.swift */ = {isa = PBXFileReference; lastKnownFileType = sourcecode.swift; path = studyUITestsLaunchTests.swift; sourceTree = "<group>"; };
		69231AEC2A05516900BB92D8 /* SecurityTextField.swift */ = {isa = PBXFileReference; lastKnownFileType = sourcecode.swift; path = SecurityTextField.swift; sourceTree = "<group>"; };
		69231AEE2A064A6300BB92D8 /* JoinNameView.swift */ = {isa = PBXFileReference; lastKnownFileType = sourcecode.swift; path = JoinNameView.swift; sourceTree = "<group>"; };
		69231AF12A06A6C400BB92D8 /* JoinIdView.swift */ = {isa = PBXFileReference; lastKnownFileType = sourcecode.swift; path = JoinIdView.swift; sourceTree = "<group>"; };
		69231AF32A06A8C600BB92D8 /* JoinPassView.swift */ = {isa = PBXFileReference; lastKnownFileType = sourcecode.swift; path = JoinPassView.swift; sourceTree = "<group>"; };
		692C0FEB2A081BE9000D0E04 /* framework */ = {isa = PBXFileReference; lastKnownFileType = folder; name = framework; path = Pods/NMapsMap/framework; sourceTree = "<group>"; };
		693F2A582A02ACF700B9DA4D /* CustomButton.swift */ = {isa = PBXFileReference; lastKnownFileType = sourcecode.swift; path = CustomButton.swift; sourceTree = "<group>"; };
		693F2A5A2A02B19800B9DA4D /* CustomTextField.swift */ = {isa = PBXFileReference; lastKnownFileType = sourcecode.swift; path = CustomTextField.swift; sourceTree = "<group>"; };
		693F2A5C2A02B28C00B9DA4D /* LeftText.swift */ = {isa = PBXFileReference; lastKnownFileType = sourcecode.swift; path = LeftText.swift; sourceTree = "<group>"; };
		693F2A602A02B59C00B9DA4D /* JoinTermView.swift */ = {isa = PBXFileReference; lastKnownFileType = sourcecode.swift; path = JoinTermView.swift; sourceTree = "<group>"; };
		693F2A622A02B78D00B9DA4D /* CheckBox.swift */ = {isa = PBXFileReference; lastKnownFileType = sourcecode.swift; path = CheckBox.swift; sourceTree = "<group>"; };
		693F2A642A02B90500B9DA4D /* icn_checkbox_off.svg */ = {isa = PBXFileReference; fileEncoding = 4; lastKnownFileType = text; name = icn_checkbox_off.svg; path = ../../../../../Downloads/join_terms_001/icon/checkbox/icn_checkbox_off.svg; sourceTree = "<group>"; };
		693F2A662A05116200B9DA4D /* JoinSnsPhoneView.swift */ = {isa = PBXFileReference; lastKnownFileType = sourcecode.swift; path = JoinSnsPhoneView.swift; sourceTree = "<group>"; };
		693F2A682A052B3300B9DA4D /* PageTitle.swift */ = {isa = PBXFileReference; lastKnownFileType = sourcecode.swift; path = PageTitle.swift; sourceTree = "<group>"; };
		695B02302A07DB4A00F851A2 /* Router.swift */ = {isa = PBXFileReference; lastKnownFileType = sourcecode.swift; path = Router.swift; sourceTree = "<group>"; };
		696D73542A07FC8700BF6F48 /* StationMapView.swift */ = {isa = PBXFileReference; lastKnownFileType = sourcecode.swift; path = StationMapView.swift; sourceTree = "<group>"; };
		69CF24DE2A0D2DD300F0D0A9 /* HomeView.swift */ = {isa = PBXFileReference; lastKnownFileType = sourcecode.swift; path = HomeView.swift; sourceTree = "<group>"; };
		69E637442A09127500D24BB1 /* NMapsGeometry.xcframework */ = {isa = PBXFileReference; lastKnownFileType = wrapper.xcframework; name = NMapsGeometry.xcframework; path = Pods/NMapsGeometry/framework/NMapsGeometry.xcframework; sourceTree = "<group>"; };
		69E637462A09128300D24BB1 /* NMapsMap.xcframework */ = {isa = PBXFileReference; lastKnownFileType = wrapper.xcframework; name = NMapsMap.xcframework; path = Pods/NMapsMap/framework/NMapsMap.xcframework; sourceTree = "<group>"; };
		A75B5A2D89423081CF0470B7 /* Pods-study.release.xcconfig */ = {isa = PBXFileReference; includeInIndex = 1; lastKnownFileType = text.xcconfig; name = "Pods-study.release.xcconfig"; path = "Target Support Files/Pods-study/Pods-study.release.xcconfig"; sourceTree = "<group>"; };
/* End PBXFileReference section */

/* Begin PBXFrameworksBuildPhase section */
		69067B0829EC188300F10BE4 /* Frameworks */ = {
			isa = PBXFrameworksBuildPhase;
			buildActionMask = 2147483647;
			files = (
				69E637472A09128300D24BB1 /* NMapsMap.xcframework in Frameworks */,
				69E637452A09127500D24BB1 /* NMapsGeometry.xcframework in Frameworks */,
			);
			runOnlyForDeploymentPostprocessing = 0;
		};
		69067B1829EC188400F10BE4 /* Frameworks */ = {
			isa = PBXFrameworksBuildPhase;
			buildActionMask = 2147483647;
			files = (
			);
			runOnlyForDeploymentPostprocessing = 0;
		};
		69067B2229EC188400F10BE4 /* Frameworks */ = {
			isa = PBXFrameworksBuildPhase;
			buildActionMask = 2147483647;
			files = (
			);
			runOnlyForDeploymentPostprocessing = 0;
		};
/* End PBXFrameworksBuildPhase section */

/* Begin PBXGroup section */
		0B8822A162CCD40C6EFF2BA9 /* Frameworks */ = {
			isa = PBXGroup;
			children = (
				69E637462A09128300D24BB1 /* NMapsMap.xcframework */,
				69E637442A09127500D24BB1 /* NMapsGeometry.xcframework */,
			);
			name = Frameworks;
			sourceTree = "<group>";
		};
		5F6D38E8137E7E0B2080760F /* Pods */ = {
			isa = PBXGroup;
			children = (
				5D24520B238B69074DE8151A /* Pods-study.debug.xcconfig */,
				A75B5A2D89423081CF0470B7 /* Pods-study.release.xcconfig */,
			);
			path = Pods;
			sourceTree = "<group>";
		};
		69067B0229EC188300F10BE4 = {
			isa = PBXGroup;
			children = (
				692C0FEB2A081BE9000D0E04 /* framework */,
				69067B0D29EC188300F10BE4 /* study */,
				69067B1E29EC188400F10BE4 /* studyTests */,
				69067B2829EC188400F10BE4 /* studyUITests */,
				69067B0C29EC188300F10BE4 /* Products */,
				5F6D38E8137E7E0B2080760F /* Pods */,
				0B8822A162CCD40C6EFF2BA9 /* Frameworks */,
			);
			sourceTree = "<group>";
		};
		69067B0C29EC188300F10BE4 /* Products */ = {
			isa = PBXGroup;
			children = (
				69067B0B29EC188300F10BE4 /* study.app */,
				69067B1B29EC188400F10BE4 /* studyTests.xctest */,
				69067B2529EC188400F10BE4 /* studyUITests.xctest */,
			);
			name = Products;
			sourceTree = "<group>";
		};
		69067B0D29EC188300F10BE4 /* study */ = {
			isa = PBXGroup;
			children = (
				695B022F2A07DB2C00F851A2 /* Utily */,
				69231AF02A06801500BB92D8 /* Styles */,
				693F2A562A029CB000B9DA4D /* ViewModel */,
				693F2A552A029CA300B9DA4D /* View */,
				693F2A542A01609200B9DA4D /* Model */,
				69067B0E29EC188300F10BE4 /* studyApp.swift */,
				69067B1229EC188400F10BE4 /* Assets.xcassets */,
				693F2A642A02B90500B9DA4D /* icn_checkbox_off.svg */,
				69067B1429EC188400F10BE4 /* Preview Content */,
			);
			path = study;
			sourceTree = "<group>";
		};
		69067B1429EC188400F10BE4 /* Preview Content */ = {
			isa = PBXGroup;
			children = (
				69067B1529EC188400F10BE4 /* Preview Assets.xcassets */,
			);
			path = "Preview Content";
			sourceTree = "<group>";
		};
		69067B1E29EC188400F10BE4 /* studyTests */ = {
			isa = PBXGroup;
			children = (
				69067B1F29EC188400F10BE4 /* studyTests.swift */,
			);
			path = studyTests;
			sourceTree = "<group>";
		};
		69067B2829EC188400F10BE4 /* studyUITests */ = {
			isa = PBXGroup;
			children = (
				69067B2929EC188400F10BE4 /* studyUITests.swift */,
				69067B2B29EC188400F10BE4 /* studyUITestsLaunchTests.swift */,
			);
			path = studyUITests;
			sourceTree = "<group>";
		};
		69231AF02A06801500BB92D8 /* Styles */ = {
			isa = PBXGroup;
			children = (
			);
			path = Styles;
			sourceTree = "<group>";
		};
		693F2A542A01609200B9DA4D /* Model */ = {
			isa = PBXGroup;
			children = (
			);
			path = Model;
			sourceTree = "<group>";
		};
		693F2A552A029CA300B9DA4D /* View */ = {
			isa = PBXGroup;
			children = (
				69CF24DD2A0D2DBA00F0D0A9 /* Home */,
				69CF24DC2A0D2DA200F0D0A9 /* Join */,
				696D73532A07FC7000BF6F48 /* Station */,
				69067B1029EC188300F10BE4 /* LoginView.swift */,
				693F2A6A2A053DEC00B9DA4D /* SignUp */,
				693F2A572A02ACD500B9DA4D /* Components */,
			);
			path = View;
			sourceTree = "<group>";
		};
		693F2A562A029CB000B9DA4D /* ViewModel */ = {
			isa = PBXGroup;
			children = (
			);
			path = ViewModel;
			sourceTree = "<group>";
		};
		693F2A572A02ACD500B9DA4D /* Components */ = {
			isa = PBXGroup;
			children = (
				693F2A582A02ACF700B9DA4D /* CustomButton.swift */,
				693F2A5A2A02B19800B9DA4D /* CustomTextField.swift */,
				693F2A5C2A02B28C00B9DA4D /* LeftText.swift */,
				693F2A622A02B78D00B9DA4D /* CheckBox.swift */,
				693F2A682A052B3300B9DA4D /* PageTitle.swift */,
				69231AEC2A05516900BB92D8 /* SecurityTextField.swift */,
			);
			path = Components;
			sourceTree = "<group>";
		};
		693F2A6A2A053DEC00B9DA4D /* SignUp */ = {
			isa = PBXGroup;
			children = (
				693F2A602A02B59C00B9DA4D /* JoinTermView.swift */,
				69231AEE2A064A6300BB92D8 /* JoinNameView.swift */,
				693F2A662A05116200B9DA4D /* JoinSnsPhoneView.swift */,
				69231AF12A06A6C400BB92D8 /* JoinIdView.swift */,
				69231AF32A06A8C600BB92D8 /* JoinPassView.swift */,
			);
			path = SignUp;
			sourceTree = "<group>";
		};
		695B022F2A07DB2C00F851A2 /* Utily */ = {
			isa = PBXGroup;
			children = (
				695B02302A07DB4A00F851A2 /* Router.swift */,
			);
			path = Utily;
			sourceTree = "<group>";
		};
		696D73532A07FC7000BF6F48 /* Station */ = {
			isa = PBXGroup;
			children = (
				696D73542A07FC8700BF6F48 /* StationMapView.swift */,
			);
			path = Station;
			sourceTree = "<group>";
		};
		69CF24DC2A0D2DA200F0D0A9 /* Join */ = {
			isa = PBXGroup;
			children = (
			);
			path = Join;
			sourceTree = "<group>";
		};
		69CF24DD2A0D2DBA00F0D0A9 /* Home */ = {
			isa = PBXGroup;
			children = (
				69CF24DE2A0D2DD300F0D0A9 /* HomeView.swift */,
			);
			path = Home;
			sourceTree = "<group>";
		};
/* End PBXGroup section */

/* Begin PBXNativeTarget section */
		69067B0A29EC188300F10BE4 /* study */ = {
			isa = PBXNativeTarget;
			buildConfigurationList = 69067B2F29EC188400F10BE4 /* Build configuration list for PBXNativeTarget "study" */;
			buildPhases = (
				A1DBB29DE00AF0204FFCD274 /* [CP] Check Pods Manifest.lock */,
				69067B0729EC188300F10BE4 /* Sources */,
				69067B0829EC188300F10BE4 /* Frameworks */,
				69067B0929EC188300F10BE4 /* Resources */,
				698F7E312A0816690043FE74 /* Embed Frameworks */,
				FD3CCC77914A20A6B47C3563 /* [CP] Embed Pods Frameworks */,
			);
			buildRules = (
			);
			dependencies = (
			);
			name = study;
			productName = study;
			productReference = 69067B0B29EC188300F10BE4 /* study.app */;
			productType = "com.apple.product-type.application";
		};
		69067B1A29EC188400F10BE4 /* studyTests */ = {
			isa = PBXNativeTarget;
			buildConfigurationList = 69067B3229EC188400F10BE4 /* Build configuration list for PBXNativeTarget "studyTests" */;
			buildPhases = (
				69067B1729EC188400F10BE4 /* Sources */,
				69067B1829EC188400F10BE4 /* Frameworks */,
				69067B1929EC188400F10BE4 /* Resources */,
			);
			buildRules = (
			);
			dependencies = (
				69067B1D29EC188400F10BE4 /* PBXTargetDependency */,
			);
			name = studyTests;
			productName = studyTests;
			productReference = 69067B1B29EC188400F10BE4 /* studyTests.xctest */;
			productType = "com.apple.product-type.bundle.unit-test";
		};
		69067B2429EC188400F10BE4 /* studyUITests */ = {
			isa = PBXNativeTarget;
			buildConfigurationList = 69067B3529EC188400F10BE4 /* Build configuration list for PBXNativeTarget "studyUITests" */;
			buildPhases = (
				69067B2129EC188400F10BE4 /* Sources */,
				69067B2229EC188400F10BE4 /* Frameworks */,
				69067B2329EC188400F10BE4 /* Resources */,
			);
			buildRules = (
			);
			dependencies = (
				69067B2729EC188400F10BE4 /* PBXTargetDependency */,
			);
			name = studyUITests;
			productName = studyUITests;
			productReference = 69067B2529EC188400F10BE4 /* studyUITests.xctest */;
			productType = "com.apple.product-type.bundle.ui-testing";
		};
/* End PBXNativeTarget section */

/* Begin PBXProject section */
		69067B0329EC188300F10BE4 /* Project object */ = {
			isa = PBXProject;
			attributes = {
				BuildIndependentTargetsInParallel = 1;
				LastSwiftUpdateCheck = 1430;
				LastUpgradeCheck = 1430;
				TargetAttributes = {
					69067B0A29EC188300F10BE4 = {
						CreatedOnToolsVersion = 14.3;
					};
					69067B1A29EC188400F10BE4 = {
						CreatedOnToolsVersion = 14.3;
						TestTargetID = 69067B0A29EC188300F10BE4;
					};
					69067B2429EC188400F10BE4 = {
						CreatedOnToolsVersion = 14.3;
						TestTargetID = 69067B0A29EC188300F10BE4;
					};
				};
			};
			buildConfigurationList = 69067B0629EC188300F10BE4 /* Build configuration list for PBXProject "study" */;
			compatibilityVersion = "Xcode 14.0";
			developmentRegion = en;
			hasScannedForEncodings = 0;
			knownRegions = (
				en,
				Base,
			);
			mainGroup = 69067B0229EC188300F10BE4;
			productRefGroup = 69067B0C29EC188300F10BE4 /* Products */;
			projectDirPath = "";
			projectRoot = "";
			targets = (
				69067B0A29EC188300F10BE4 /* study */,
				69067B1A29EC188400F10BE4 /* studyTests */,
				69067B2429EC188400F10BE4 /* studyUITests */,
			);
		};
/* End PBXProject section */

/* Begin PBXResourcesBuildPhase section */
		69067B0929EC188300F10BE4 /* Resources */ = {
			isa = PBXResourcesBuildPhase;
			buildActionMask = 2147483647;
			files = (
				69067B1629EC188400F10BE4 /* Preview Assets.xcassets in Resources */,
				693F2A652A02B90600B9DA4D /* icn_checkbox_off.svg in Resources */,
				69067B1329EC188400F10BE4 /* Assets.xcassets in Resources */,
				692C0FEC2A081BE9000D0E04 /* framework in Resources */,
			);
			runOnlyForDeploymentPostprocessing = 0;
		};
		69067B1929EC188400F10BE4 /* Resources */ = {
			isa = PBXResourcesBuildPhase;
			buildActionMask = 2147483647;
			files = (
			);
			runOnlyForDeploymentPostprocessing = 0;
		};
		69067B2329EC188400F10BE4 /* Resources */ = {
			isa = PBXResourcesBuildPhase;
			buildActionMask = 2147483647;
			files = (
			);
			runOnlyForDeploymentPostprocessing = 0;
		};
/* End PBXResourcesBuildPhase section */

/* Begin PBXShellScriptBuildPhase section */
		A1DBB29DE00AF0204FFCD274 /* [CP] Check Pods Manifest.lock */ = {
			isa = PBXShellScriptBuildPhase;
			buildActionMask = 2147483647;
			files = (
			);
			inputFileListPaths = (
			);
			inputPaths = (
				"${PODS_PODFILE_DIR_PATH}/Podfile.lock",
				"${PODS_ROOT}/Manifest.lock",
			);
			name = "[CP] Check Pods Manifest.lock";
			outputFileListPaths = (
			);
			outputPaths = (
				"$(DERIVED_FILE_DIR)/Pods-study-checkManifestLockResult.txt",
			);
			runOnlyForDeploymentPostprocessing = 0;
			shellPath = /bin/sh;
			shellScript = "diff \"${PODS_PODFILE_DIR_PATH}/Podfile.lock\" \"${PODS_ROOT}/Manifest.lock\" > /dev/null\nif [ $? != 0 ] ; then\n    # print error to STDERR\n    echo \"error: The sandbox is not in sync with the Podfile.lock. Run 'pod install' or update your CocoaPods installation.\" >&2\n    exit 1\nfi\n# This output is used by Xcode 'outputs' to avoid re-running this script phase.\necho \"SUCCESS\" > \"${SCRIPT_OUTPUT_FILE_0}\"\n";
			showEnvVarsInLog = 0;
		};
		FD3CCC77914A20A6B47C3563 /* [CP] Embed Pods Frameworks */ = {
			isa = PBXShellScriptBuildPhase;
			buildActionMask = 2147483647;
			files = (
			);
			inputFileListPaths = (
				"${PODS_ROOT}/Target Support Files/Pods-study/Pods-study-frameworks-${CONFIGURATION}-input-files.xcfilelist",
			);
			name = "[CP] Embed Pods Frameworks";
			outputFileListPaths = (
				"${PODS_ROOT}/Target Support Files/Pods-study/Pods-study-frameworks-${CONFIGURATION}-output-files.xcfilelist",
			);
			runOnlyForDeploymentPostprocessing = 0;
			shellPath = /bin/sh;
			shellScript = "\"${PODS_ROOT}/Target Support Files/Pods-study/Pods-study-frameworks.sh\"\n";
			showEnvVarsInLog = 0;
		};
/* End PBXShellScriptBuildPhase section */

/* Begin PBXSourcesBuildPhase section */
		69067B0729EC188300F10BE4 /* Sources */ = {
			isa = PBXSourcesBuildPhase;
			buildActionMask = 2147483647;
			files = (
				693F2A5D2A02B28C00B9DA4D /* LeftText.swift in Sources */,
				693F2A5B2A02B19800B9DA4D /* CustomTextField.swift in Sources */,
				693F2A672A05116200B9DA4D /* JoinSnsPhoneView.swift in Sources */,
				69231AF22A06A6C400BB92D8 /* JoinIdView.swift in Sources */,
				696D73552A07FC8700BF6F48 /* StationMapView.swift in Sources */,
				69231AED2A05516900BB92D8 /* SecurityTextField.swift in Sources */,
				69067B1129EC188300F10BE4 /* LoginView.swift in Sources */,
				693F2A632A02B78D00B9DA4D /* CheckBox.swift in Sources */,
				69231AEF2A064A6300BB92D8 /* JoinNameView.swift in Sources */,
				693F2A612A02B59C00B9DA4D /* JoinTermView.swift in Sources */,
				69067B0F29EC188300F10BE4 /* studyApp.swift in Sources */,
				695B02312A07DB4A00F851A2 /* Router.swift in Sources */,
				69231AF42A06A8C600BB92D8 /* JoinPassView.swift in Sources */,
				69CF24DF2A0D2DD300F0D0A9 /* HomeView.swift in Sources */,
				693F2A692A052B3300B9DA4D /* PageTitle.swift in Sources */,
				693F2A592A02ACF700B9DA4D /* CustomButton.swift in Sources */,
			);
			runOnlyForDeploymentPostprocessing = 0;
		};
		69067B1729EC188400F10BE4 /* Sources */ = {
			isa = PBXSourcesBuildPhase;
			buildActionMask = 2147483647;
			files = (
				69067B2029EC188400F10BE4 /* studyTests.swift in Sources */,
			);
			runOnlyForDeploymentPostprocessing = 0;
		};
		69067B2129EC188400F10BE4 /* Sources */ = {
			isa = PBXSourcesBuildPhase;
			buildActionMask = 2147483647;
			files = (
				69067B2C29EC188400F10BE4 /* studyUITestsLaunchTests.swift in Sources */,
				69067B2A29EC188400F10BE4 /* studyUITests.swift in Sources */,
			);
			runOnlyForDeploymentPostprocessing = 0;
		};
/* End PBXSourcesBuildPhase section */

/* Begin PBXTargetDependency section */
		69067B1D29EC188400F10BE4 /* PBXTargetDependency */ = {
			isa = PBXTargetDependency;
			target = 69067B0A29EC188300F10BE4 /* study */;
			targetProxy = 69067B1C29EC188400F10BE4 /* PBXContainerItemProxy */;
		};
		69067B2729EC188400F10BE4 /* PBXTargetDependency */ = {
			isa = PBXTargetDependency;
			target = 69067B0A29EC188300F10BE4 /* study */;
			targetProxy = 69067B2629EC188400F10BE4 /* PBXContainerItemProxy */;
		};
/* End PBXTargetDependency section */

/* Begin XCBuildConfiguration section */
		69067B2D29EC188400F10BE4 /* Debug */ = {
			isa = XCBuildConfiguration;
			buildSettings = {
				ALWAYS_SEARCH_USER_PATHS = NO;
				CLANG_ANALYZER_NONNULL = YES;
				CLANG_ANALYZER_NUMBER_OBJECT_CONVERSION = YES_AGGRESSIVE;
				CLANG_CXX_LANGUAGE_STANDARD = "gnu++20";
				CLANG_ENABLE_MODULES = YES;
				CLANG_ENABLE_OBJC_ARC = YES;
				CLANG_ENABLE_OBJC_WEAK = YES;
				CLANG_WARN_BLOCK_CAPTURE_AUTORELEASING = YES;
				CLANG_WARN_BOOL_CONVERSION = YES;
				CLANG_WARN_COMMA = YES;
				CLANG_WARN_CONSTANT_CONVERSION = YES;
				CLANG_WARN_DEPRECATED_OBJC_IMPLEMENTATIONS = YES;
				CLANG_WARN_DIRECT_OBJC_ISA_USAGE = YES_ERROR;
				CLANG_WARN_DOCUMENTATION_COMMENTS = YES;
				CLANG_WARN_EMPTY_BODY = YES;
				CLANG_WARN_ENUM_CONVERSION = YES;
				CLANG_WARN_INFINITE_RECURSION = YES;
				CLANG_WARN_INT_CONVERSION = YES;
				CLANG_WARN_NON_LITERAL_NULL_CONVERSION = YES;
				CLANG_WARN_OBJC_IMPLICIT_RETAIN_SELF = YES;
				CLANG_WARN_OBJC_LITERAL_CONVERSION = YES;
				CLANG_WARN_OBJC_ROOT_CLASS = YES_ERROR;
				CLANG_WARN_QUOTED_INCLUDE_IN_FRAMEWORK_HEADER = YES;
				CLANG_WARN_RANGE_LOOP_ANALYSIS = YES;
				CLANG_WARN_STRICT_PROTOTYPES = YES;
				CLANG_WARN_SUSPICIOUS_MOVE = YES;
				CLANG_WARN_UNGUARDED_AVAILABILITY = YES_AGGRESSIVE;
				CLANG_WARN_UNREACHABLE_CODE = YES;
				CLANG_WARN__DUPLICATE_METHOD_MATCH = YES;
				COPY_PHASE_STRIP = NO;
				DEBUG_INFORMATION_FORMAT = dwarf;
				ENABLE_STRICT_OBJC_MSGSEND = YES;
				ENABLE_TESTABILITY = YES;
				GCC_C_LANGUAGE_STANDARD = gnu11;
				GCC_DYNAMIC_NO_PIC = NO;
				GCC_NO_COMMON_BLOCKS = YES;
				GCC_OPTIMIZATION_LEVEL = 0;
				GCC_PREPROCESSOR_DEFINITIONS = (
					"DEBUG=1",
					"$(inherited)",
				);
				GCC_WARN_64_TO_32_BIT_CONVERSION = YES;
				GCC_WARN_ABOUT_RETURN_TYPE = YES_ERROR;
				GCC_WARN_UNDECLARED_SELECTOR = YES;
				GCC_WARN_UNINITIALIZED_AUTOS = YES_AGGRESSIVE;
				GCC_WARN_UNUSED_FUNCTION = YES;
				GCC_WARN_UNUSED_VARIABLE = YES;
				IPHONEOS_DEPLOYMENT_TARGET = 16.4;
				MTL_ENABLE_DEBUG_INFO = INCLUDE_SOURCE;
				MTL_FAST_MATH = YES;
				ONLY_ACTIVE_ARCH = YES;
				SDKROOT = iphoneos;
				SWIFT_ACTIVE_COMPILATION_CONDITIONS = DEBUG;
				SWIFT_OPTIMIZATION_LEVEL = "-Onone";
			};
			name = Debug;
		};
		69067B2E29EC188400F10BE4 /* Release */ = {
			isa = XCBuildConfiguration;
			buildSettings = {
				ALWAYS_SEARCH_USER_PATHS = NO;
				CLANG_ANALYZER_NONNULL = YES;
				CLANG_ANALYZER_NUMBER_OBJECT_CONVERSION = YES_AGGRESSIVE;
				CLANG_CXX_LANGUAGE_STANDARD = "gnu++20";
				CLANG_ENABLE_MODULES = YES;
				CLANG_ENABLE_OBJC_ARC = YES;
				CLANG_ENABLE_OBJC_WEAK = YES;
				CLANG_WARN_BLOCK_CAPTURE_AUTORELEASING = YES;
				CLANG_WARN_BOOL_CONVERSION = YES;
				CLANG_WARN_COMMA = YES;
				CLANG_WARN_CONSTANT_CONVERSION = YES;
				CLANG_WARN_DEPRECATED_OBJC_IMPLEMENTATIONS = YES;
				CLANG_WARN_DIRECT_OBJC_ISA_USAGE = YES_ERROR;
				CLANG_WARN_DOCUMENTATION_COMMENTS = YES;
				CLANG_WARN_EMPTY_BODY = YES;
				CLANG_WARN_ENUM_CONVERSION = YES;
				CLANG_WARN_INFINITE_RECURSION = YES;
				CLANG_WARN_INT_CONVERSION = YES;
				CLANG_WARN_NON_LITERAL_NULL_CONVERSION = YES;
				CLANG_WARN_OBJC_IMPLICIT_RETAIN_SELF = YES;
				CLANG_WARN_OBJC_LITERAL_CONVERSION = YES;
				CLANG_WARN_OBJC_ROOT_CLASS = YES_ERROR;
				CLANG_WARN_QUOTED_INCLUDE_IN_FRAMEWORK_HEADER = YES;
				CLANG_WARN_RANGE_LOOP_ANALYSIS = YES;
				CLANG_WARN_STRICT_PROTOTYPES = YES;
				CLANG_WARN_SUSPICIOUS_MOVE = YES;
				CLANG_WARN_UNGUARDED_AVAILABILITY = YES_AGGRESSIVE;
				CLANG_WARN_UNREACHABLE_CODE = YES;
				CLANG_WARN__DUPLICATE_METHOD_MATCH = YES;
				COPY_PHASE_STRIP = NO;
				DEBUG_INFORMATION_FORMAT = "dwarf-with-dsym";
				ENABLE_NS_ASSERTIONS = NO;
				ENABLE_STRICT_OBJC_MSGSEND = YES;
				GCC_C_LANGUAGE_STANDARD = gnu11;
				GCC_NO_COMMON_BLOCKS = YES;
				GCC_WARN_64_TO_32_BIT_CONVERSION = YES;
				GCC_WARN_ABOUT_RETURN_TYPE = YES_ERROR;
				GCC_WARN_UNDECLARED_SELECTOR = YES;
				GCC_WARN_UNINITIALIZED_AUTOS = YES_AGGRESSIVE;
				GCC_WARN_UNUSED_FUNCTION = YES;
				GCC_WARN_UNUSED_VARIABLE = YES;
				IPHONEOS_DEPLOYMENT_TARGET = 16.4;
				MTL_ENABLE_DEBUG_INFO = NO;
				MTL_FAST_MATH = YES;
				SDKROOT = iphoneos;
				SWIFT_COMPILATION_MODE = wholemodule;
				SWIFT_OPTIMIZATION_LEVEL = "-O";
				VALIDATE_PRODUCT = YES;
			};
			name = Release;
		};
		69067B3029EC188400F10BE4 /* Debug */ = {
			isa = XCBuildConfiguration;
			baseConfigurationReference = 5D24520B238B69074DE8151A /* Pods-study.debug.xcconfig */;
			buildSettings = {
				ASSETCATALOG_COMPILER_APPICON_NAME = AppIcon;
				ASSETCATALOG_COMPILER_GLOBAL_ACCENT_COLOR_NAME = AccentColor;
				CODE_SIGN_STYLE = Automatic;
				CURRENT_PROJECT_VERSION = 1;
				DEVELOPMENT_ASSET_PATHS = "\"study/Preview Content\"";
				ENABLE_PREVIEWS = YES;
				GENERATE_INFOPLIST_FILE = YES;
				INFOPLIST_FILE = study/Info.plist;
				INFOPLIST_KEY_NSLocationAlwaysAndWhenInUseUsageDescription = "스테이션 정보 조회용";
				INFOPLIST_KEY_UIApplicationSceneManifest_Generation = YES;
				INFOPLIST_KEY_UIApplicationSupportsIndirectInputEvents = YES;
				INFOPLIST_KEY_UILaunchScreen_Generation = YES;
				INFOPLIST_KEY_UISupportedInterfaceOrientations_iPad = "UIInterfaceOrientationPortrait UIInterfaceOrientationPortraitUpsideDown UIInterfaceOrientationLandscapeLeft UIInterfaceOrientationLandscapeRight";
				INFOPLIST_KEY_UISupportedInterfaceOrientations_iPhone = "UIInterfaceOrientationPortrait UIInterfaceOrientationLandscapeLeft UIInterfaceOrientationLandscapeRight";
				LD_RUNPATH_SEARCH_PATHS = (
					"$(inherited)",
					"@executable_path/Frameworks",
				);
				MARKETING_VERSION = 1.0;
				NEW_SETTING = "";
				PRODUCT_BUNDLE_IDENTIFIER = com.son.study;
				PRODUCT_NAME = "$(TARGET_NAME)";
				SWIFT_EMIT_LOC_STRINGS = YES;
				SWIFT_VERSION = 5.0;
				TARGETED_DEVICE_FAMILY = "1,2";
			};
			name = Debug;
		};
		69067B3129EC188400F10BE4 /* Release */ = {
			isa = XCBuildConfiguration;
			baseConfigurationReference = A75B5A2D89423081CF0470B7 /* Pods-study.release.xcconfig */;
			buildSettings = {
				ASSETCATALOG_COMPILER_APPICON_NAME = AppIcon;
				ASSETCATALOG_COMPILER_GLOBAL_ACCENT_COLOR_NAME = AccentColor;
				CODE_SIGN_STYLE = Automatic;
				CURRENT_PROJECT_VERSION = 1;
				DEVELOPMENT_ASSET_PATHS = "\"study/Preview Content\"";
				ENABLE_PREVIEWS = YES;
				GENERATE_INFOPLIST_FILE = YES;
				INFOPLIST_FILE = study/Info.plist;
				INFOPLIST_KEY_NSLocationAlwaysAndWhenInUseUsageDescription = "스테이션 정보 조회용";
				INFOPLIST_KEY_UIApplicationSceneManifest_Generation = YES;
				INFOPLIST_KEY_UIApplicationSupportsIndirectInputEvents = YES;
				INFOPLIST_KEY_UILaunchScreen_Generation = YES;
				INFOPLIST_KEY_UISupportedInterfaceOrientations_iPad = "UIInterfaceOrientationPortrait UIInterfaceOrientationPortraitUpsideDown UIInterfaceOrientationLandscapeLeft UIInterfaceOrientationLandscapeRight";
				INFOPLIST_KEY_UISupportedInterfaceOrientations_iPhone = "UIInterfaceOrientationPortrait UIInterfaceOrientationLandscapeLeft UIInterfaceOrientationLandscapeRight";
				LD_RUNPATH_SEARCH_PATHS = (
					"$(inherited)",
					"@executable_path/Frameworks",
				);
				MARKETING_VERSION = 1.0;
				NEW_SETTING = "";
				PRODUCT_BUNDLE_IDENTIFIER = com.son.study;
				PRODUCT_NAME = "$(TARGET_NAME)";
				SWIFT_EMIT_LOC_STRINGS = YES;
				SWIFT_VERSION = 5.0;
				TARGETED_DEVICE_FAMILY = "1,2";
			};
			name = Release;
		};
		69067B3329EC188400F10BE4 /* Debug */ = {
			isa = XCBuildConfiguration;
			buildSettings = {
				ALWAYS_EMBED_SWIFT_STANDARD_LIBRARIES = YES;
				BUNDLE_LOADER = "$(TEST_HOST)";
				CODE_SIGN_STYLE = Automatic;
				CURRENT_PROJECT_VERSION = 1;
				GENERATE_INFOPLIST_FILE = YES;
				IPHONEOS_DEPLOYMENT_TARGET = 16.4;
				MARKETING_VERSION = 1.0;
				PRODUCT_BUNDLE_IDENTIFIER = com.son.studyTests;
				PRODUCT_NAME = "$(TARGET_NAME)";
				SWIFT_EMIT_LOC_STRINGS = NO;
				SWIFT_VERSION = 5.0;
				TARGETED_DEVICE_FAMILY = "1,2";
				TEST_HOST = "$(BUILT_PRODUCTS_DIR)/study.app/$(BUNDLE_EXECUTABLE_FOLDER_PATH)/study";
			};
			name = Debug;
		};
		69067B3429EC188400F10BE4 /* Release */ = {
			isa = XCBuildConfiguration;
			buildSettings = {
				ALWAYS_EMBED_SWIFT_STANDARD_LIBRARIES = YES;
				BUNDLE_LOADER = "$(TEST_HOST)";
				CODE_SIGN_STYLE = Automatic;
				CURRENT_PROJECT_VERSION = 1;
				GENERATE_INFOPLIST_FILE = YES;
				IPHONEOS_DEPLOYMENT_TARGET = 16.4;
				MARKETING_VERSION = 1.0;
				PRODUCT_BUNDLE_IDENTIFIER = com.son.studyTests;
				PRODUCT_NAME = "$(TARGET_NAME)";
				SWIFT_EMIT_LOC_STRINGS = NO;
				SWIFT_VERSION = 5.0;
				TARGETED_DEVICE_FAMILY = "1,2";
				TEST_HOST = "$(BUILT_PRODUCTS_DIR)/study.app/$(BUNDLE_EXECUTABLE_FOLDER_PATH)/study";
			};
			name = Release;
		};
		69067B3629EC188400F10BE4 /* Debug */ = {
			isa = XCBuildConfiguration;
			buildSettings = {
				ALWAYS_EMBED_SWIFT_STANDARD_LIBRARIES = YES;
				CODE_SIGN_STYLE = Automatic;
				CURRENT_PROJECT_VERSION = 1;
				GENERATE_INFOPLIST_FILE = YES;
				MARKETING_VERSION = 1.0;
				PRODUCT_BUNDLE_IDENTIFIER = com.son.studyUITests;
				PRODUCT_NAME = "$(TARGET_NAME)";
				SWIFT_EMIT_LOC_STRINGS = NO;
				SWIFT_VERSION = 5.0;
				TARGETED_DEVICE_FAMILY = "1,2";
				TEST_TARGET_NAME = study;
			};
			name = Debug;
		};
		69067B3729EC188400F10BE4 /* Release */ = {
			isa = XCBuildConfiguration;
			buildSettings = {
				ALWAYS_EMBED_SWIFT_STANDARD_LIBRARIES = YES;
				CODE_SIGN_STYLE = Automatic;
				CURRENT_PROJECT_VERSION = 1;
				GENERATE_INFOPLIST_FILE = YES;
				MARKETING_VERSION = 1.0;
				PRODUCT_BUNDLE_IDENTIFIER = com.son.studyUITests;
				PRODUCT_NAME = "$(TARGET_NAME)";
				SWIFT_EMIT_LOC_STRINGS = NO;
				SWIFT_VERSION = 5.0;
				TARGETED_DEVICE_FAMILY = "1,2";
				TEST_TARGET_NAME = study;
			};
			name = Release;
		};
/* End XCBuildConfiguration section */

/* Begin XCConfigurationList section */
		69067B0629EC188300F10BE4 /* Build configuration list for PBXProject "study" */ = {
			isa = XCConfigurationList;
			buildConfigurations = (
				69067B2D29EC188400F10BE4 /* Debug */,
				69067B2E29EC188400F10BE4 /* Release */,
			);
			defaultConfigurationIsVisible = 0;
			defaultConfigurationName = Release;
		};
		69067B2F29EC188400F10BE4 /* Build configuration list for PBXNativeTarget "study" */ = {
			isa = XCConfigurationList;
			buildConfigurations = (
				69067B3029EC188400F10BE4 /* Debug */,
				69067B3129EC188400F10BE4 /* Release */,
			);
			defaultConfigurationIsVisible = 0;
			defaultConfigurationName = Release;
		};
		69067B3229EC188400F10BE4 /* Build configuration list for PBXNativeTarget "studyTests" */ = {
			isa = XCConfigurationList;
			buildConfigurations = (
				69067B3329EC188400F10BE4 /* Debug */,
				69067B3429EC188400F10BE4 /* Release */,
			);
			defaultConfigurationIsVisible = 0;
			defaultConfigurationName = Release;
		};
		69067B3529EC188400F10BE4 /* Build configuration list for PBXNativeTarget "studyUITests" */ = {
			isa = XCConfigurationList;
			buildConfigurations = (
				69067B3629EC188400F10BE4 /* Debug */,
				69067B3729EC188400F10BE4 /* Release */,
			);
			defaultConfigurationIsVisible = 0;
			defaultConfigurationName = Release;
		};
/* End XCConfigurationList section */
	};
	rootObject = 69067B0329EC188300F10BE4 /* Project object */;
}
